<Solution>
  <Folder Name="/src/" />
  <Folder Name="/tests/">
    <Project Path="tests/AsciiStudio.Core.Tests/AsciiStudio.Core.Tests.csproj" />
    <Project Path="tests/AsciiStudio.Creation.Tests/AsciiStudio.Creation.Tests.csproj" />
  </Folder>
  <Project Path="src/AsciiStudio.Core/AsciiStudio.Core.csproj" />
  <Project Path="src/AsciiStudio/AsciiStudio.csproj" />
</Solution>
