{
  "version": 1,
  "dependencies": {
    "net10.0-windows7.0": {
      "Figgle": {
        "type": "Direct",
        "requested": "[0.6.6, )",
        "resolved": "0.6.6",
        "contentHash": "RJQXdtKNAl5RX+4LjpstVtJCoDS8V8Bk8CylokeSbUtMpNE1eZcx4xuq7+RcBFuWQE1SiIFVcxEwBSLsHYt88w=="
      },
      "Figgle.Fonts": {
        "type": "Direct",
        "requested": "[0.6.6, )",
        "resolved": "0.6.6",
        "contentHash": "JjJNPD6exo64ql7HajUy40cVIHpwtj4QXuEp4xB8OnzeuUP+89OCZ3KZBtiLzzX6sh//AXrIF6/krNkLO0fg2w==",
        "dependencies": {
          "Figgle": "0.6.6"
        }
      },
      "System.Drawing.Common": {
        "type": "Direct",
        "requested": "[10.0.0, )",
        "resolved": "10.0.0",
        "contentHash": "kohT9ZZlkB5R5ifihCBnPJLdIUQGiTj1ZI6z4LKatr+F4MmIJJu7qQpBkqt9280ivtnSvlTx9qZEY+CpJ0zMkA==",
        "dependencies": {
          "Microsoft.Win32.SystemEvents": "10.0.0"
        }
      },
      "Microsoft.Win32.SystemEvents": {
        "type": "Transitive",
        "resolved": "10.0.0",
        "contentHash": "bYdnhuD0XxcVTrxc8RyBjXo+AXYWJPnda3clhGz2Kakleyun1PyrzYV8RezT7ZYmR9OBSOgvpFQcvHo/K8Y90w=="
      },
      "asciistudio.core": {
        "type": "Project"
      }
    }
  }
}