{
  "version": 1,
  "dependencies": {
    "net10.0-windows7.0": {
      "System.Drawing.Common": {
        "type": "Direct",
        "requested": "[10.0.0, )",
        "resolved": "10.0.0",
        "contentHash": "kohT9ZZlkB5R5ifihCBnPJLdIUQGiTj1ZI6z4LKatr+F4MmIJJu7qQpBkqt9280ivtnSvlTx9qZEY+CpJ0zMkA==",
        "dependencies": {
          "Microsoft.Win32.SystemEvents": "10.0.0"
        }
      },
      "Microsoft.Win32.SystemEvents": {
        "type": "Transitive",
        "resolved": "10.0.0",
        "contentHash": "bYdnhuD0XxcVTrxc8RyBjXo+AXYWJPnda3clhGz2Kakleyun1PyrzYV8RezT7ZYmR9OBSOgvpFQcvHo/K8Y90w=="
      },
      "charloom.core": {
        "type": "Project"
      }
    }
  }
}